// !$*UTF8*$!
{
	archiveVersion = 1;
	classes = {
	};
	objectVersion = 56;
	objects = {

/* Begin PBXBuildFile section */
		7877309C2AD551C90073304C /* DataManager.swift in Sources */ = {isa = PBXBuildFile; fileRef = 7877309B2AD551C90073304C /* DataManager.swift */; };
		78C90CAA2AD2F01B006351DE /* MainViewModel.swift in Sources */ = {isa = PBXBuildFile; fileRef = 78C90CA92AD2F01B006351DE /* MainViewModel.swift */; };
		78C90CAC2AD2F128006351DE /* Images.swift in Sources */ = {isa = PBXBuildFile; fileRef = 78C90CAB2AD2F128006351DE /* Images.swift */; };
		78C90CB22AD423C5006351DE /* NetworkManager.swift in Sources */ = {isa = PBXBuildFile; fileRef = 78C90CB12AD423C5006351DE /* NetworkManager.swift */; };
		78C90CB52AD430F3006351DE /* Constants.swift in Sources */ = {isa = PBXBuildFile; fileRef = 78C90CB42AD430F3006351DE /* Constants.swift */; };
		78C90CB92AD5411E006351DE /* Breed.swift in Sources */ = {isa = PBXBuildFile; fileRef = 78C90CB82AD5411E006351DE /* Breed.swift */; };
		78C90CBF2AD541F7006351DE /* DetailView.swift in Sources */ = {isa = PBXBuildFile; fileRef = 78C90CBE2AD541F7006351DE /* DetailView.swift */; };
		78C90CC12AD5467A006351DE /* DetailViewModel.swift in Sources */ = {isa = PBXBuildFile; fileRef = 78C90CC02AD5467A006351DE /* DetailViewModel.swift */; };
		78CF3C7A2AD2B277007CFA5B /* LitresApp.swift in Sources */ = {isa = PBXBuildFile; fileRef = 78CF3C792AD2B277007CFA5B /* LitresApp.swift */; };
		78CF3C7C2AD2B277007CFA5B /* MainView.swift in Sources */ = {isa = PBXBuildFile; fileRef = 78CF3C7B2AD2B277007CFA5B /* MainView.swift */; };
		78CF3C7E2AD2B27B007CFA5B /* Assets.xcassets in Resources */ = {isa = PBXBuildFile; fileRef = 78CF3C7D2AD2B27B007CFA5B /* Assets.xcassets */; };
		78CF3C812AD2B27B007CFA5B /* Preview Assets.xcassets in Resources */ = {isa = PBXBuildFile; fileRef = 78CF3C802AD2B27B007CFA5B /* Preview Assets.xcassets */; };
/* End PBXBuildFile section */

/* Begin PBXFileReference section */
		7877309B2AD551C90073304C /* DataManager.swift */ = {isa = PBXFileReference; lastKnownFileType = sourcecode.swift; path = DataManager.swift; sourceTree = "<group>"; };
		78C90CA92AD2F01B006351DE /* MainViewModel.swift */ = {isa = PBXFileReference; lastKnownFileType = sourcecode.swift; path = MainViewModel.swift; sourceTree = "<group>"; };
		78C90CAB2AD2F128006351DE /* Images.swift */ = {isa = PBXFileReference; lastKnownFileType = sourcecode.swift; path = Images.swift; sourceTree = "<group>"; };
		78C90CB12AD423C5006351DE /* NetworkManager.swift */ = {isa = PBXFileReference; lastKnownFileType = sourcecode.swift; path = NetworkManager.swift; sourceTree = "<group>"; };
		78C90CB42AD430F3006351DE /* Constants.swift */ = {isa = PBXFileReference; lastKnownFileType = sourcecode.swift; path = Constants.swift; sourceTree = "<group>"; };
		78C90CB82AD5411E006351DE /* Breed.swift */ = {isa = PBXFileReference; lastKnownFileType = sourcecode.swift; path = Breed.swift; sourceTree = "<group>"; };
		78C90CBE2AD541F7006351DE /* DetailView.swift */ = {isa = PBXFileReference; lastKnownFileType = sourcecode.swift; path = DetailView.swift; sourceTree = "<group>"; };
		78C90CC02AD5467A006351DE /* DetailViewModel.swift */ = {isa = PBXFileReference; lastKnownFileType = sourcecode.swift; path = DetailViewModel.swift; sourceTree = "<group>"; };
		78CF3C762AD2B277007CFA5B /* Litres.app */ = {isa = PBXFileReference; explicitFileType = wrapper.application; includeInIndex = 0; path = Litres.app; sourceTree = BUILT_PRODUCTS_DIR; };
		78CF3C792AD2B277007CFA5B /* LitresApp.swift */ = {isa = PBXFileReference; lastKnownFileType = sourcecode.swift; path = LitresApp.swift; sourceTree = "<group>"; };
		78CF3C7B2AD2B277007CFA5B /* MainView.swift */ = {isa = PBXFileReference; lastKnownFileType = sourcecode.swift; path = MainView.swift; sourceTree = "<group>"; };
		78CF3C7D2AD2B27B007CFA5B /* Assets.xcassets */ = {isa = PBXFileReference; lastKnownFileType = folder.assetcatalog; path = Assets.xcassets; sourceTree = "<group>"; };
		78CF3C802AD2B27B007CFA5B /* Preview Assets.xcassets */ = {isa = PBXFileReference; lastKnownFileType = folder.assetcatalog; path = "Preview Assets.xcassets"; sourceTree = "<group>"; };
/* End PBXFileReference section */

/* Begin PBXFrameworksBuildPhase section */
		78CF3C732AD2B277007CFA5B /* Frameworks */ = {
			isa = PBXFrameworksBuildPhase;
			buildActionMask = 2147483647;
			files = (
			);
			runOnlyForDeploymentPostprocessing = 0;
		};
/* End PBXFrameworksBuildPhase section */

/* Begin PBXGroup section */
		7877309D2AD5590F0073304C /* ViewModel */ = {
			isa = PBXGroup;
			children = (
				78C90CC02AD5467A006351DE /* DetailViewModel.swift */,
			);
			path = ViewModel;
			sourceTree = "<group>";
		};
		7877309F2AD5594D0073304C /* Model */ = {
			isa = PBXGroup;
			children = (
				78C90CB82AD5411E006351DE /* Breed.swift */,
				78C90CAB2AD2F128006351DE /* Images.swift */,
			);
			path = Model;
			sourceTree = "<group>";
		};
		78C90CAE2AD42097006351DE /* ViewModel */ = {
			isa = PBXGroup;
			children = (
				78C90CA92AD2F01B006351DE /* MainViewModel.swift */,
			);
			path = ViewModel;
			sourceTree = "<group>";
		};
		78C90CAF2AD420A3006351DE /* View */ = {
			isa = PBXGroup;
			children = (
				78CF3C7B2AD2B277007CFA5B /* MainView.swift */,
			);
			path = View;
			sourceTree = "<group>";
		};
		78C90CB02AD423B9006351DE /* Service  */ = {
			isa = PBXGroup;
			children = (
				78C90CB12AD423C5006351DE /* NetworkManager.swift */,
				7877309B2AD551C90073304C /* DataManager.swift */,
			);
			path = "Service ";
			sourceTree = "<group>";
		};
		78C90CB32AD42DE2006351DE /* Main */ = {
			isa = PBXGroup;
			children = (
				78C90CAE2AD42097006351DE /* ViewModel */,
				78C90CAF2AD420A3006351DE /* View */,
			);
			path = Main;
			sourceTree = "<group>";
		};
		78C90CBA2AD541A7006351DE /* Helpers */ = {
			isa = PBXGroup;
			children = (
				78C90CB42AD430F3006351DE /* Constants.swift */,
			);
			path = Helpers;
			sourceTree = "<group>";
		};
		78C90CBB2AD541CE006351DE /* Assets */ = {
			isa = PBXGroup;
			children = (
				78CF3C7D2AD2B27B007CFA5B /* Assets.xcassets */,
			);
			path = Assets;
			sourceTree = "<group>";
		};
		78C90CBC2AD541E9006351DE /* Detail */ = {
			isa = PBXGroup;
			children = (
				7877309D2AD5590F0073304C /* ViewModel */,
				78C90CBD2AD541EE006351DE /* View */,
			);
			path = Detail;
			sourceTree = "<group>";
		};
		78C90CBD2AD541EE006351DE /* View */ = {
			isa = PBXGroup;
			children = (
				78C90CBE2AD541F7006351DE /* DetailView.swift */,
			);
			path = View;
			sourceTree = "<group>";
		};
		78CF3C6D2AD2B277007CFA5B = {
			isa = PBXGroup;
			children = (
				78CF3C782AD2B277007CFA5B /* Litres */,
				78CF3C772AD2B277007CFA5B /* Products */,
			);
			sourceTree = "<group>";
		};
		78CF3C772AD2B277007CFA5B /* Products */ = {
			isa = PBXGroup;
			children = (
				78CF3C762AD2B277007CFA5B /* Litres.app */,
			);
			name = Products;
			sourceTree = "<group>";
		};
		78CF3C782AD2B277007CFA5B /* Litres */ = {
			isa = PBXGroup;
			children = (
				7877309F2AD5594D0073304C /* Model */,
				78C90CB02AD423B9006351DE /* Service  */,
				78C90CBA2AD541A7006351DE /* Helpers */,
				78C90CBC2AD541E9006351DE /* Detail */,
				78C90CB32AD42DE2006351DE /* Main */,
				78CF3C792AD2B277007CFA5B /* LitresApp.swift */,
				78C90CBB2AD541CE006351DE /* Assets */,
				78CF3C7F2AD2B27B007CFA5B /* Preview Content */,
			);
			path = Litres;
			sourceTree = "<group>";
		};
		78CF3C7F2AD2B27B007CFA5B /* Preview Content */ = {
			isa = PBXGroup;
			children = (
				78CF3C802AD2B27B007CFA5B /* Preview Assets.xcassets */,
			);
			path = "Preview Content";
			sourceTree = "<group>";
		};
/* End PBXGroup section */

/* Begin PBXNativeTarget section */
		78CF3C752AD2B277007CFA5B /* Litres */ = {
			isa = PBXNativeTarget;
			buildConfigurationList = 78CF3C842AD2B27B007CFA5B /* Build configuration list for PBXNativeTarget "Litres" */;
			buildPhases = (
				78CF3C722AD2B277007CFA5B /* Sources */,
				78CF3C732AD2B277007CFA5B /* Frameworks */,
				78CF3C742AD2B277007CFA5B /* Resources */,
			);
			buildRules = (
			);
			dependencies = (
			);
			name = Litres;
			productName = Litres;
			productReference = 78CF3C762AD2B277007CFA5B /* Litres.app */;
			productType = "com.apple.product-type.application";
		};
/* End PBXNativeTarget section */

/* Begin PBXProject section */
		78CF3C6E2AD2B277007CFA5B /* Project object */ = {
			isa = PBXProject;
			attributes = {
				BuildIndependentTargetsInParallel = 1;
				LastSwiftUpdateCheck = 1500;
				LastUpgradeCheck = 1500;
				TargetAttributes = {
					78CF3C752AD2B277007CFA5B = {
						CreatedOnToolsVersion = 15.0;
					};
				};
			};
			buildConfigurationList = 78CF3C712AD2B277007CFA5B /* Build configuration list for PBXProject "Litres" */;
			compatibilityVersion = "Xcode 14.0";
			developmentRegion = en;
			hasScannedForEncodings = 0;
			knownRegions = (
				en,
				Base,
			);
			mainGroup = 78CF3C6D2AD2B277007CFA5B;
			productRefGroup = 78CF3C772AD2B277007CFA5B /* Products */;
			projectDirPath = "";
			projectRoot = "";
			targets = (
				78CF3C752AD2B277007CFA5B /* Litres */,
			);
		};
/* End PBXProject section */

/* Begin PBXResourcesBuildPhase section */
		78CF3C742AD2B277007CFA5B /* Resources */ = {
			isa = PBXResourcesBuildPhase;
			buildActionMask = 2147483647;
			files = (
				78CF3C812AD2B27B007CFA5B /* Preview Assets.xcassets in Resources */,
				78CF3C7E2AD2B27B007CFA5B /* Assets.xcassets in Resources */,
			);
			runOnlyForDeploymentPostprocessing = 0;
		};
/* End PBXResourcesBuildPhase section */

/* Begin PBXSourcesBuildPhase section */
		78CF3C722AD2B277007CFA5B /* Sources */ = {
			isa = PBXSourcesBuildPhase;
			buildActionMask = 2147483647;
			files = (
				78CF3C7C2AD2B277007CFA5B /* MainView.swift in Sources */,
				7877309C2AD551C90073304C /* DataManager.swift in Sources */,
				78C90CBF2AD541F7006351DE /* DetailView.swift in Sources */,
				78C90CB92AD5411E006351DE /* Breed.swift in Sources */,
				78C90CAC2AD2F128006351DE /* Images.swift in Sources */,
				78C90CC12AD5467A006351DE /* DetailViewModel.swift in Sources */,
				78C90CB22AD423C5006351DE /* NetworkManager.swift in Sources */,
				78CF3C7A2AD2B277007CFA5B /* LitresApp.swift in Sources */,
				78C90CAA2AD2F01B006351DE /* MainViewModel.swift in Sources */,
				78C90CB52AD430F3006351DE /* Constants.swift in Sources */,
			);
			runOnlyForDeploymentPostprocessing = 0;
		};
/* End PBXSourcesBuildPhase section */

/* Begin XCBuildConfiguration section */
		78CF3C822AD2B27B007CFA5B /* Debug */ = {
			isa = XCBuildConfiguration;
			buildSettings = {
				ALWAYS_SEARCH_USER_PATHS = NO;
				ASSETCATALOG_COMPILER_GENERATE_SWIFT_ASSET_SYMBOL_EXTENSIONS = YES;
				CLANG_ANALYZER_NONNULL = YES;
				CLANG_ANALYZER_NUMBER_OBJECT_CONVERSION = YES_AGGRESSIVE;
				CLANG_CXX_LANGUAGE_STANDARD = "gnu++20";
				CLANG_ENABLE_MODULES = YES;
				CLANG_ENABLE_OBJC_ARC = YES;
				CLANG_ENABLE_OBJC_WEAK = YES;
				CLANG_WARN_BLOCK_CAPTURE_AUTORELEASING = YES;
				CLANG_WARN_BOOL_CONVERSION = YES;
				CLANG_WARN_COMMA = YES;
				CLANG_WARN_CONSTANT_CONVERSION = YES;
				CLANG_WARN_DEPRECATED_OBJC_IMPLEMENTATIONS = YES;
				CLANG_WARN_DIRECT_OBJC_ISA_USAGE = YES_ERROR;
				CLANG_WARN_DOCUMENTATION_COMMENTS = YES;
				CLANG_WARN_EMPTY_BODY = YES;
				CLANG_WARN_ENUM_CONVERSION = YES;
				CLANG_WARN_INFINITE_RECURSION = YES;
				CLANG_WARN_INT_CONVERSION = YES;
				CLANG_WARN_NON_LITERAL_NULL_CONVERSION = YES;
				CLANG_WARN_OBJC_IMPLICIT_RETAIN_SELF = YES;
				CLANG_WARN_OBJC_LITERAL_CONVERSION = YES;
				CLANG_WARN_OBJC_ROOT_CLASS = YES_ERROR;
				CLANG_WARN_QUOTED_INCLUDE_IN_FRAMEWORK_HEADER = YES;
				CLANG_WARN_RANGE_LOOP_ANALYSIS = YES;
				CLANG_WARN_STRICT_PROTOTYPES = YES;
				CLANG_WARN_SUSPICIOUS_MOVE = YES;
				CLANG_WARN_UNGUARDED_AVAILABILITY = YES_AGGRESSIVE;
				CLANG_WARN_UNREACHABLE_CODE = YES;
				CLANG_WARN__DUPLICATE_METHOD_MATCH = YES;
				COPY_PHASE_STRIP = NO;
				DEBUG_INFORMATION_FORMAT = dwarf;
				ENABLE_STRICT_OBJC_MSGSEND = YES;
				ENABLE_TESTABILITY = YES;
				ENABLE_USER_SCRIPT_SANDBOXING = YES;
				GCC_C_LANGUAGE_STANDARD = gnu17;
				GCC_DYNAMIC_NO_PIC = NO;
				GCC_NO_COMMON_BLOCKS = YES;
				GCC_OPTIMIZATION_LEVEL = 0;
				GCC_PREPROCESSOR_DEFINITIONS = (
					"DEBUG=1",
					"$(inherited)",
				);
				GCC_WARN_64_TO_32_BIT_CONVERSION = YES;
				GCC_WARN_ABOUT_RETURN_TYPE = YES_ERROR;
				GCC_WARN_UNDECLARED_SELECTOR = YES;
				GCC_WARN_UNINITIALIZED_AUTOS = YES_AGGRESSIVE;
				GCC_WARN_UNUSED_FUNCTION = YES;
				GCC_WARN_UNUSED_VARIABLE = YES;
				IPHONEOS_DEPLOYMENT_TARGET = 15.0;
				LOCALIZATION_PREFERS_STRING_CATALOGS = YES;
				MTL_ENABLE_DEBUG_INFO = INCLUDE_SOURCE;
				MTL_FAST_MATH = YES;
				ONLY_ACTIVE_ARCH = YES;
				SDKROOT = iphoneos;
				SWIFT_ACTIVE_COMPILATION_CONDITIONS = "DEBUG $(inherited)";
				SWIFT_OPTIMIZATION_LEVEL = "-Onone";
			};
			name = Debug;
		};
		78CF3C832AD2B27B007CFA5B /* Release */ = {
			isa = XCBuildConfiguration;
			buildSettings = {
				ALWAYS_SEARCH_USER_PATHS = NO;
				ASSETCATALOG_COMPILER_GENERATE_SWIFT_ASSET_SYMBOL_EXTENSIONS = YES;
				CLANG_ANALYZER_NONNULL = YES;
				CLANG_ANALYZER_NUMBER_OBJECT_CONVERSION = YES_AGGRESSIVE;
				CLANG_CXX_LANGUAGE_STANDARD = "gnu++20";
				CLANG_ENABLE_MODULES = YES;
				CLANG_ENABLE_OBJC_ARC = YES;
				CLANG_ENABLE_OBJC_WEAK = YES;
				CLANG_WARN_BLOCK_CAPTURE_AUTORELEASING = YES;
				CLANG_WARN_BOOL_CONVERSION = YES;
				CLANG_WARN_COMMA = YES;
				CLANG_WARN_CONSTANT_CONVERSION = YES;
				CLANG_WARN_DEPRECATED_OBJC_IMPLEMENTATIONS = YES;
				CLANG_WARN_DIRECT_OBJC_ISA_USAGE = YES_ERROR;
				CLANG_WARN_DOCUMENTATION_COMMENTS = YES;
				CLANG_WARN_EMPTY_BODY = YES;
				CLANG_WARN_ENUM_CONVERSION = YES;
				CLANG_WARN_INFINITE_RECURSION = YES;
				CLANG_WARN_INT_CONVERSION = YES;
				CLANG_WARN_NON_LITERAL_NULL_CONVERSION = YES;
				CLANG_WARN_OBJC_IMPLICIT_RETAIN_SELF = YES;
				CLANG_WARN_OBJC_LITERAL_CONVERSION = YES;
				CLANG_WARN_OBJC_ROOT_CLASS = YES_ERROR;
				CLANG_WARN_QUOTED_INCLUDE_IN_FRAMEWORK_HEADER = YES;
				CLANG_WARN_RANGE_LOOP_ANALYSIS = YES;
				CLANG_WARN_STRICT_PROTOTYPES = YES;
				CLANG_WARN_SUSPICIOUS_MOVE = YES;
				CLANG_WARN_UNGUARDED_AVAILABILITY = YES_AGGRESSIVE;
				CLANG_WARN_UNREACHABLE_CODE = YES;
				CLANG_WARN__DUPLICATE_METHOD_MATCH = YES;
				COPY_PHASE_STRIP = NO;
				DEBUG_INFORMATION_FORMAT = "dwarf-with-dsym";
				ENABLE_NS_ASSERTIONS = NO;
				ENABLE_STRICT_OBJC_MSGSEND = YES;
				ENABLE_USER_SCRIPT_SANDBOXING = YES;
				GCC_C_LANGUAGE_STANDARD = gnu17;
				GCC_NO_COMMON_BLOCKS = YES;
				GCC_WARN_64_TO_32_BIT_CONVERSION = YES;
				GCC_WARN_ABOUT_RETURN_TYPE = YES_ERROR;
				GCC_WARN_UNDECLARED_SELECTOR = YES;
				GCC_WARN_UNINITIALIZED_AUTOS = YES_AGGRESSIVE;
				GCC_WARN_UNUSED_FUNCTION = YES;
				GCC_WARN_UNUSED_VARIABLE = YES;
				IPHONEOS_DEPLOYMENT_TARGET = 15.0;
				LOCALIZATION_PREFERS_STRING_CATALOGS = YES;
				MTL_ENABLE_DEBUG_INFO = NO;
				MTL_FAST_MATH = YES;
				SDKROOT = iphoneos;
				SWIFT_COMPILATION_MODE = wholemodule;
				VALIDATE_PRODUCT = YES;
			};
			name = Release;
		};
		78CF3C852AD2B27B007CFA5B /* Debug */ = {
			isa = XCBuildConfiguration;
			buildSettings = {
				ASSETCATALOG_COMPILER_APPICON_NAME = AppIcon;
				ASSETCATALOG_COMPILER_GLOBAL_ACCENT_COLOR_NAME = AccentColor;
				CODE_SIGN_STYLE = Automatic;
				CURRENT_PROJECT_VERSION = 1;
				DEVELOPMENT_ASSET_PATHS = "\"Litres/Preview Content\"";
				DEVELOPMENT_TEAM = Z65RF5M6WV;
				ENABLE_PREVIEWS = YES;
				GENERATE_INFOPLIST_FILE = YES;
				INFOPLIST_KEY_UIApplicationSceneManifest_Generation = YES;
				INFOPLIST_KEY_UIApplicationSupportsIndirectInputEvents = YES;
				INFOPLIST_KEY_UILaunchScreen_Generation = YES;
				INFOPLIST_KEY_UIStatusBarStyle = "";
				INFOPLIST_KEY_UISupportedInterfaceOrientations_iPad = "UIInterfaceOrientationPortrait UIInterfaceOrientationPortraitUpsideDown UIInterfaceOrientationLandscapeLeft UIInterfaceOrientationLandscapeRight";
				INFOPLIST_KEY_UISupportedInterfaceOrientations_iPhone = "UIInterfaceOrientationPortrait UIInterfaceOrientationLandscapeLeft UIInterfaceOrientationLandscapeRight";
				LD_RUNPATH_SEARCH_PATHS = (
					"$(inherited)",
					"@executable_path/Frameworks",
				);
				MARKETING_VERSION = 1.0;
				PRODUCT_BUNDLE_IDENTIFIER = GrigoriiShiliaev.Litres;
				PRODUCT_NAME = "$(TARGET_NAME)";
				SWIFT_EMIT_LOC_STRINGS = YES;
				SWIFT_VERSION = 5.0;
				TARGETED_DEVICE_FAMILY = "1,2";
			};
			name = Debug;
		};
		78CF3C862AD2B27B007CFA5B /* Release */ = {
			isa = XCBuildConfiguration;
			buildSettings = {
				ASSETCATALOG_COMPILER_APPICON_NAME = AppIcon;
				ASSETCATALOG_COMPILER_GLOBAL_ACCENT_COLOR_NAME = AccentColor;
				CODE_SIGN_STYLE = Automatic;
				CURRENT_PROJECT_VERSION = 1;
				DEVELOPMENT_ASSET_PATHS = "\"Litres/Preview Content\"";
				DEVELOPMENT_TEAM = Z65RF5M6WV;
				ENABLE_PREVIEWS = YES;
				GENERATE_INFOPLIST_FILE = YES;
				INFOPLIST_KEY_UIApplicationSceneManifest_Generation = YES;
				INFOPLIST_KEY_UIApplicationSupportsIndirectInputEvents = YES;
				INFOPLIST_KEY_UILaunchScreen_Generation = YES;
				INFOPLIST_KEY_UIStatusBarStyle = "";
				INFOPLIST_KEY_UISupportedInterfaceOrientations_iPad = "UIInterfaceOrientationPortrait UIInterfaceOrientationPortraitUpsideDown UIInterfaceOrientationLandscapeLeft UIInterfaceOrientationLandscapeRight";
				INFOPLIST_KEY_UISupportedInterfaceOrientations_iPhone = "UIInterfaceOrientationPortrait UIInterfaceOrientationLandscapeLeft UIInterfaceOrientationLandscapeRight";
				LD_RUNPATH_SEARCH_PATHS = (
					"$(inherited)",
					"@executable_path/Frameworks",
				);
				MARKETING_VERSION = 1.0;
				PRODUCT_BUNDLE_IDENTIFIER = GrigoriiShiliaev.Litres;
				PRODUCT_NAME = "$(TARGET_NAME)";
				SWIFT_EMIT_LOC_STRINGS = YES;
				SWIFT_VERSION = 5.0;
				TARGETED_DEVICE_FAMILY = "1,2";
			};
			name = Release;
		};
/* End XCBuildConfiguration section */

/* Begin XCConfigurationList section */
		78CF3C712AD2B277007CFA5B /* Build configuration list for PBXProject "Litres" */ = {
			isa = XCConfigurationList;
			buildConfigurations = (
				78CF3C822AD2B27B007CFA5B /* Debug */,
				78CF3C832AD2B27B007CFA5B /* Release */,
			);
			defaultConfigurationIsVisible = 0;
			defaultConfigurationName = Release;
		};
		78CF3C842AD2B27B007CFA5B /* Build configuration list for PBXNativeTarget "Litres" */ = {
			isa = XCConfigurationList;
			buildConfigurations = (
				78CF3C852AD2B27B007CFA5B /* Debug */,
				78CF3C862AD2B27B007CFA5B /* Release */,
			);
			defaultConfigurationIsVisible = 0;
			defaultConfigurationName = Release;
		};
/* End XCConfigurationList section */
	};
	rootObject = 78CF3C6E2AD2B277007CFA5B /* Project object */;
}
